
Microsoft Visual Studio Solution File, Format Version 12.00
# Visual Studio 15
VisualStudioVersion = 15.0.28307.960
MinimumVisualStudioVersion = 10.0.40219.1
Project("{8BC9CEB8-8B4A-11D0-8D11-00A0C91BC942}") = "OOP Lamda and Git", "OOP Lamda and Git\OOP Lamda and Git.vcxproj", "{BFC0890D-B93D-4688-8730-B8EDABDAE28B}"
EndProject
Global
	GlobalSection(SolutionConfigurationPlatforms) = preSolution
		Debug|x64 = Debug|x64
		Debug|x86 = Debug|x86
		Release|x64 = Release|x64
		Release|x86 = Release|x86
	EndGlobalSection
	GlobalSection(ProjectConfigurationPlatforms) = postSolution
		{BFC0890D-B93D-4688-8730-B8EDABDAE28B}.Debug|x64.ActiveCfg = Debug|x64
		{BFC0890D-B93D-4688-8730-B8EDABDAE28B}.Debug|x64.Build.0 = Debug|x64
		{BFC0890D-B93D-4688-8730-B8EDABDAE28B}.Debug|x86.ActiveCfg = Debug|Win32
		{BFC0890D-B93D-4688-8730-B8EDABDAE28B}.Debug|x86.Build.0 = Debug|Win32
		{BFC0890D-B93D-4688-8730-B8EDABDAE28B}.Release|x64.ActiveCfg = Release|x64
		{BFC0890D-B93D-4688-8730-B8EDABDAE28B}.Release|x64.Build.0 = Release|x64
		{BFC0890D-B93D-4688-8730-B8EDABDAE28B}.Release|x86.ActiveCfg = Release|Win32
		{BFC0890D-B93D-4688-8730-B8EDABDAE28B}.Release|x86.Build.0 = Release|Win32
	EndGlobalSection
	GlobalSection(SolutionProperties) = preSolution
		HideSolutionNode = FALSE
	EndGlobalSection
	GlobalSection(ExtensibilityGlobals) = postSolution
		SolutionGuid = {A88A3338-1C81-41F4-B51D-BE14A6F3F53C}
	EndGlobalSection
EndGlobal
